// !$*UTF8*$!
{
	archiveVersion = 1;
	classes = {
	};
	objectVersion = 46;
	objects = {

/* Begin PBXBuildFile section */
		041C8F43198FD21200AE472D /* Foundation.framework in Frameworks */ = {isa = PBXBuildFile; fileRef = 041C8F42198FD21200AE472D /* Foundation.framework */; };
		041C8F45198FD21200AE472D /* CoreGraphics.framework in Frameworks */ = {isa = PBXBuildFile; fileRef = 041C8F44198FD21200AE472D /* CoreGraphics.framework */; };
		041C8F47198FD21200AE472D /* UIKit.framework in Frameworks */ = {isa = PBXBuildFile; fileRef = 041C8F46198FD21200AE472D /* UIKit.framework */; };
		041C8F4D198FD21200AE472D /* InfoPlist.strings in Resources */ = {isa = PBXBuildFile; fileRef = 041C8F4B198FD21200AE472D /* InfoPlist.strings */; };
		041C8F4F198FD21200AE472D /* main.m in Sources */ = {isa = PBXBuildFile; fileRef = 041C8F4E198FD21200AE472D /* main.m */; };
		041C8F53198FD21200AE472D /* RRAppDelegate.m in Sources */ = {isa = PBXBuildFile; fileRef = 041C8F52198FD21200AE472D /* RRAppDelegate.m */; };
		041C8F56198FD21200AE472D /* Main_iPhone.storyboard in Resources */ = {isa = PBXBuildFile; fileRef = 041C8F54198FD21200AE472D /* Main_iPhone.storyboard */; };
		041C8F59198FD21200AE472D /* Main_iPad.storyboard in Resources */ = {isa = PBXBuildFile; fileRef = 041C8F57198FD21200AE472D /* Main_iPad.storyboard */; };
		041C8F5C198FD21200AE472D /* RRViewController.m in Sources */ = {isa = PBXBuildFile; fileRef = 041C8F5B198FD21200AE472D /* RRViewController.m */; };
		041C8F5E198FD21200AE472D /* Images.xcassets in Resources */ = {isa = PBXBuildFile; fileRef = 041C8F5D198FD21200AE472D /* Images.xcassets */; };
		041C8F65198FD21200AE472D /* XCTest.framework in Frameworks */ = {isa = PBXBuildFile; fileRef = 041C8F64198FD21200AE472D /* XCTest.framework */; };
		041C8F66198FD21200AE472D /* Foundation.framework in Frameworks */ = {isa = PBXBuildFile; fileRef = 041C8F42198FD21200AE472D /* Foundation.framework */; };
		041C8F67198FD21200AE472D /* UIKit.framework in Frameworks */ = {isa = PBXBuildFile; fileRef = 041C8F46198FD21200AE472D /* UIKit.framework */; };
		041C8F6F198FD21200AE472D /* InfoPlist.strings in Resources */ = {isa = PBXBuildFile; fileRef = 041C8F6D198FD21200AE472D /* InfoPlist.strings */; };
		041C8F71198FD21200AE472D /* HappyIOSTests.m in Sources */ = {isa = PBXBuildFile; fileRef = 041C8F70198FD21200AE472D /* HappyIOSTests.m */; };
/* End PBXBuildFile section */

/* Begin PBXContainerItemProxy section */
		041C8F68198FD21200AE472D /* PBXContainerItemProxy */ = {
			isa = PBXContainerItemProxy;
			containerPortal = 041C8F37198FD21200AE472D /* Project object */;
			proxyType = 1;
			remoteGlobalIDString = 041C8F3E198FD21200AE472D;
			remoteInfo = HappyIOS;
		};
/* End PBXContainerItemProxy section */

/* Begin PBXFileReference section */
		041C8F3F198FD21200AE472D /* HappyIOS.app */ = {isa = PBXFileReference; explicitFileType = wrapper.application; includeInIndex = 0; path = HappyIOS.app; sourceTree = BUILT_PRODUCTS_DIR; };
		041C8F42198FD21200AE472D /* Foundation.framework */ = {isa = PBXFileReference; lastKnownFileType = wrapper.framework; name = Foundation.framework; path = System/Library/Frameworks/Foundation.framework; sourceTree = SDKROOT; };
		041C8F44198FD21200AE472D /* CoreGraphics.framework */ = {isa = PBXFileReference; lastKnownFileType = wrapper.framework; name = CoreGraphics.framework; path = System/Library/Frameworks/CoreGraphics.framework; sourceTree = SDKROOT; };
		041C8F46198FD21200AE472D /* UIKit.framework */ = {isa = PBXFileReference; lastKnownFileType = wrapper.framework; name = UIKit.framework; path = System/Library/Frameworks/UIKit.framework; sourceTree = SDKROOT; };
		041C8F4A198FD21200AE472D /* HappyIOS-Info.plist */ = {isa = PBXFileReference; lastKnownFileType = text.plist.xml; path = "HappyIOS-Info.plist"; sourceTree = "<group>"; };
		041C8F4C198FD21200AE472D /* en */ = {isa = PBXFileReference; lastKnownFileType = text.plist.strings; name = en; path = en.lproj/InfoPlist.strings; sourceTree = "<group>"; };
		041C8F4E198FD21200AE472D /* main.m */ = {isa = PBXFileReference; lastKnownFileType = sourcecode.c.objc; path = main.m; sourceTree = "<group>"; };
		041C8F50198FD21200AE472D /* HappyIOS-Prefix.pch */ = {isa = PBXFileReference; lastKnownFileType = sourcecode.c.h; path = "HappyIOS-Prefix.pch"; sourceTree = "<group>"; };
		041C8F51198FD21200AE472D /* RRAppDelegate.h */ = {isa = PBXFileReference; lastKnownFileType = sourcecode.c.h; path = RRAppDelegate.h; sourceTree = "<group>"; };
		041C8F52198FD21200AE472D /* RRAppDelegate.m */ = {isa = PBXFileReference; lastKnownFileType = sourcecode.c.objc; path = RRAppDelegate.m; sourceTree = "<group>"; };
		041C8F55198FD21200AE472D /* Base */ = {isa = PBXFileReference; lastKnownFileType = file.storyboard; name = Base; path = Base.lproj/Main_iPhone.storyboard; sourceTree = "<group>"; };
		041C8F58198FD21200AE472D /* Base */ = {isa = PBXFileReference; lastKnownFileType = file.storyboard; name = Base; path = Base.lproj/Main_iPad.storyboard; sourceTree = "<group>"; };
		041C8F5A198FD21200AE472D /* RRViewController.h */ = {isa = PBXFileReference; lastKnownFileType = sourcecode.c.h; path = RRViewController.h; sourceTree = "<group>"; };
		041C8F5B198FD21200AE472D /* RRViewController.m */ = {isa = PBXFileReference; lastKnownFileType = sourcecode.c.objc; path = RRViewController.m; sourceTree = "<group>"; };
		041C8F5D198FD21200AE472D /* Images.xcassets */ = {isa = PBXFileReference; lastKnownFileType = folder.assetcatalog; path = Images.xcassets; sourceTree = "<group>"; };
		041C8F63198FD21200AE472D /* HappyIOSTests.xctest */ = {isa = PBXFileReference; explicitFileType = wrapper.cfbundle; includeInIndex = 0; path = HappyIOSTests.xctest; sourceTree = BUILT_PRODUCTS_DIR; };
		041C8F64198FD21200AE472D /* XCTest.framework */ = {isa = PBXFileReference; lastKnownFileType = wrapper.framework; name = XCTest.framework; path = Library/Frameworks/XCTest.framework; sourceTree = DEVELOPER_DIR; };
		041C8F6C198FD21200AE472D /* HappyIOSTests-Info.plist */ = {isa = PBXFileReference; lastKnownFileType = text.plist.xml; path = "HappyIOSTests-Info.plist"; sourceTree = "<group>"; };
		041C8F6E198FD21200AE472D /* en */ = {isa = PBXFileReference; lastKnownFileType = text.plist.strings; name = en; path = en.lproj/InfoPlist.strings; sourceTree = "<group>"; };
		041C8F70198FD21200AE472D /* HappyIOSTests.m */ = {isa = PBXFileReference; lastKnownFileType = sourcecode.c.objc; path = HappyIOSTests.m; sourceTree = "<group>"; };
/* End PBXFileReference section */

/* Begin PBXFrameworksBuildPhase section */
		041C8F3C198FD21200AE472D /* Frameworks */ = {
			isa = PBXFrameworksBuildPhase;
			buildActionMask = 2147483647;
			files = (
				041C8F45198FD21200AE472D /* CoreGraphics.framework in Frameworks */,
				041C8F47198FD21200AE472D /* UIKit.framework in Frameworks */,
				041C8F43198FD21200AE472D /* Foundation.framework in Frameworks */,
			);
			runOnlyForDeploymentPostprocessing = 0;
		};
		041C8F60198FD21200AE472D /* Frameworks */ = {
			isa = PBXFrameworksBuildPhase;
			buildActionMask = 2147483647;
			files = (
				041C8F65198FD21200AE472D /* XCTest.framework in Frameworks */,
				041C8F67198FD21200AE472D /* UIKit.framework in Frameworks */,
				041C8F66198FD21200AE472D /* Foundation.framework in Frameworks */,
			);
			runOnlyForDeploymentPostprocessing = 0;
		};
/* End PBXFrameworksBuildPhase section */

/* Begin PBXGroup section */
		041C8F36198FD21200AE472D = {
			isa = PBXGroup;
			children = (
				041C8F48198FD21200AE472D /* HappyIOS */,
				041C8F6A198FD21200AE472D /* HappyIOSTests */,
				041C8F41198FD21200AE472D /* Frameworks */,
				041C8F40198FD21200AE472D /* Products */,
			);
			sourceTree = "<group>";
		};
		041C8F40198FD21200AE472D /* Products */ = {
			isa = PBXGroup;
			children = (
				041C8F3F198FD21200AE472D /* HappyIOS.app */,
				041C8F63198FD21200AE472D /* HappyIOSTests.xctest */,
			);
			name = Products;
			sourceTree = "<group>";
		};
		041C8F41198FD21200AE472D /* Frameworks */ = {
			isa = PBXGroup;
			children = (
				041C8F42198FD21200AE472D /* Foundation.framework */,
				041C8F44198FD21200AE472D /* CoreGraphics.framework */,
				041C8F46198FD21200AE472D /* UIKit.framework */,
				041C8F64198FD21200AE472D /* XCTest.framework */,
			);
			name = Frameworks;
			sourceTree = "<group>";
		};
		041C8F48198FD21200AE472D /* HappyIOS */ = {
			isa = PBXGroup;
			children = (
				041C8F51198FD21200AE472D /* RRAppDelegate.h */,
				041C8F52198FD21200AE472D /* RRAppDelegate.m */,
				041C8F54198FD21200AE472D /* Main_iPhone.storyboard */,
				041C8F57198FD21200AE472D /* Main_iPad.storyboard */,
				041C8F5A198FD21200AE472D /* RRViewController.h */,
				041C8F5B198FD21200AE472D /* RRViewController.m */,
				041C8F5D198FD21200AE472D /* Images.xcassets */,
				041C8F49198FD21200AE472D /* Supporting Files */,
			);
			path = HappyIOS;
			sourceTree = "<group>";
		};
		041C8F49198FD21200AE472D /* Supporting Files */ = {
			isa = PBXGroup;
			children = (
				041C8F4A198FD21200AE472D /* HappyIOS-Info.plist */,
				041C8F4B198FD21200AE472D /* InfoPlist.strings */,
				041C8F4E198FD21200AE472D /* main.m */,
				041C8F50198FD21200AE472D /* HappyIOS-Prefix.pch */,
			);
			name = "Supporting Files";
			sourceTree = "<group>";
		};
		041C8F6A198FD21200AE472D /* HappyIOSTests */ = {
			isa = PBXGroup;
			children = (
				041C8F70198FD21200AE472D /* HappyIOSTests.m */,
				041C8F6B198FD21200AE472D /* Supporting Files */,
			);
			path = HappyIOSTests;
			sourceTree = "<group>";
		};
		041C8F6B198FD21200AE472D /* Supporting Files */ = {
			isa = PBXGroup;
			children = (
				041C8F6C198FD21200AE472D /* HappyIOSTests-Info.plist */,
				041C8F6D198FD21200AE472D /* InfoPlist.strings */,
			);
			name = "Supporting Files";
			sourceTree = "<group>";
		};
/* End PBXGroup section */

/* Begin PBXNativeTarget section */
		041C8F3E198FD21200AE472D /* HappyIOS */ = {
			isa = PBXNativeTarget;
			buildConfigurationList = 041C8F74198FD21200AE472D /* Build configuration list for PBXNativeTarget "HappyIOS" */;
			buildPhases = (
				041C8F3B198FD21200AE472D /* Sources */,
				041C8F3C198FD21200AE472D /* Frameworks */,
				041C8F3D198FD21200AE472D /* Resources */,
			);
			buildRules = (
			);
			dependencies = (
			);
			name = HappyIOS;
			productName = HappyIOS;
			productReference = 041C8F3F198FD21200AE472D /* HappyIOS.app */;
			productType = "com.apple.product-type.application";
		};
		041C8F62198FD21200AE472D /* HappyIOSTests */ = {
			isa = PBXNativeTarget;
			buildConfigurationList = 041C8F77198FD21200AE472D /* Build configuration list for PBXNativeTarget "HappyIOSTests" */;
			buildPhases = (
				041C8F5F198FD21200AE472D /* Sources */,
				041C8F60198FD21200AE472D /* Frameworks */,
				041C8F61198FD21200AE472D /* Resources */,
			);
			buildRules = (
			);
			dependencies = (
				041C8F69198FD21200AE472D /* PBXTargetDependency */,
			);
			name = HappyIOSTests;
			productName = HappyIOSTests;
			productReference = 041C8F63198FD21200AE472D /* HappyIOSTests.xctest */;
			productType = "com.apple.product-type.bundle.unit-test";
		};
/* End PBXNativeTarget section */

/* Begin PBXProject section */
		041C8F37198FD21200AE472D /* Project object */ = {
			isa = PBXProject;
			attributes = {
				CLASSPREFIX = RR;
				LastUpgradeCheck = 0510;
				ORGANIZATIONNAME = "___FULLUSERNAME___";
				TargetAttributes = {
					041C8F62198FD21200AE472D = {
						TestTargetID = 041C8F3E198FD21200AE472D;
					};
				};
			};
			buildConfigurationList = 041C8F3A198FD21200AE472D /* Build configuration list for PBXProject "HappyIOS" */;
			compatibilityVersion = "Xcode 3.2";
			developmentRegion = English;
			hasScannedForEncodings = 0;
			knownRegions = (
				en,
				Base,
			);
			mainGroup = 041C8F36198FD21200AE472D;
			productRefGroup = 041C8F40198FD21200AE472D /* Products */;
			projectDirPath = "";
			projectRoot = "";
			targets = (
				041C8F3E198FD21200AE472D /* HappyIOS */,
				041C8F62198FD21200AE472D /* HappyIOSTests */,
			);
		};
/* End PBXProject section */

/* Begin PBXResourcesBuildPhase section */
		041C8F3D198FD21200AE472D /* Resources */ = {
			isa = PBXResourcesBuildPhase;
			buildActionMask = 2147483647;
			files = (
				041C8F59198FD21200AE472D /* Main_iPad.storyboard in Resources */,
				041C8F5E198FD21200AE472D /* Images.xcassets in Resources */,
				041C8F56198FD21200AE472D /* Main_iPhone.storyboard in Resources */,
				041C8F4D198FD21200AE472D /* InfoPlist.strings in Resources */,
			);
			runOnlyForDeploymentPostprocessing = 0;
		};
		041C8F61198FD21200AE472D /* Resources */ = {
			isa = PBXResourcesBuildPhase;
			buildActionMask = 2147483647;
			files = (
				041C8F6F198FD21200AE472D /* InfoPlist.strings in Resources */,
			);
			runOnlyForDeploymentPostprocessing = 0;
		};
/* End PBXResourcesBuildPhase section */

/* Begin PBXSourcesBuildPhase section */
		041C8F3B198FD21200AE472D /* Sources */ = {
			isa = PBXSourcesBuildPhase;
			buildActionMask = 2147483647;
			files = (
				041C8F53198FD21200AE472D /* RRAppDelegate.m in Sources */,
				041C8F4F198FD21200AE472D /* main.m in Sources */,
				041C8F5C198FD21200AE472D /* RRViewController.m in Sources */,
			);
			runOnlyForDeploymentPostprocessing = 0;
		};
		041C8F5F198FD21200AE472D /* Sources */ = {
			isa = PBXSourcesBuildPhase;
			buildActionMask = 2147483647;
			files = (
				041C8F71198FD21200AE472D /* HappyIOSTests.m in Sources */,
			);
			runOnlyForDeploymentPostprocessing = 0;
		};
/* End PBXSourcesBuildPhase section */

/* Begin PBXTargetDependency section */
		041C8F69198FD21200AE472D /* PBXTargetDependency */ = {
			isa = PBXTargetDependency;
			target = 041C8F3E198FD21200AE472D /* HappyIOS */;
			targetProxy = 041C8F68198FD21200AE472D /* PBXContainerItemProxy */;
		};
/* End PBXTargetDependency section */

/* Begin PBXVariantGroup section */
		041C8F4B198FD21200AE472D /* InfoPlist.strings */ = {
			isa = PBXVariantGroup;
			children = (
				041C8F4C198FD21200AE472D /* en */,
			);
			name = InfoPlist.strings;
			sourceTree = "<group>";
		};
		041C8F54198FD21200AE472D /* Main_iPhone.storyboard */ = {
			isa = PBXVariantGroup;
			children = (
				041C8F55198FD21200AE472D /* Base */,
			);
			name = Main_iPhone.storyboard;
			sourceTree = "<group>";
		};
		041C8F57198FD21200AE472D /* Main_iPad.storyboard */ = {
			isa = PBXVariantGroup;
			children = (
				041C8F58198FD21200AE472D /* Base */,
			);
			name = Main_iPad.storyboard;
			sourceTree = "<group>";
		};
		041C8F6D198FD21200AE472D /* InfoPlist.strings */ = {
			isa = PBXVariantGroup;
			children = (
				041C8F6E198FD21200AE472D /* en */,
			);
			name = InfoPlist.strings;
			sourceTree = "<group>";
		};
/* End PBXVariantGroup section */

/* Begin XCBuildConfiguration section */
		041C8F72198FD21200AE472D /* Debug */ = {
			isa = XCBuildConfiguration;
			buildSettings = {
				ALWAYS_SEARCH_USER_PATHS = NO;
				CLANG_CXX_LANGUAGE_STANDARD = "gnu++0x";
				CLANG_CXX_LIBRARY = "libc++";
				CLANG_ENABLE_MODULES = YES;
				CLANG_ENABLE_OBJC_ARC = YES;
				CLANG_WARN_BOOL_CONVERSION = YES;
				CLANG_WARN_CONSTANT_CONVERSION = YES;
				CLANG_WARN_DIRECT_OBJC_ISA_USAGE = YES_ERROR;
				CLANG_WARN_EMPTY_BODY = YES;
				CLANG_WARN_ENUM_CONVERSION = YES;
				CLANG_WARN_INT_CONVERSION = YES;
				CLANG_WARN_OBJC_ROOT_CLASS = YES_ERROR;
				CLANG_WARN__DUPLICATE_METHOD_MATCH = YES;
				"CODE_SIGN_IDENTITY[sdk=iphoneos*]" = "iPhone Developer";
				COPY_PHASE_STRIP = NO;
				GCC_C_LANGUAGE_STANDARD = gnu99;
				GCC_DYNAMIC_NO_PIC = NO;
				GCC_OPTIMIZATION_LEVEL = 0;
				GCC_PREPROCESSOR_DEFINITIONS = (
					"DEBUG=1",
					"$(inherited)",
				);
				GCC_SYMBOLS_PRIVATE_EXTERN = NO;
				GCC_WARN_64_TO_32_BIT_CONVERSION = YES;
				GCC_WARN_ABOUT_RETURN_TYPE = YES_ERROR;
				GCC_WARN_UNDECLARED_SELECTOR = YES;
				GCC_WARN_UNINITIALIZED_AUTOS = YES_AGGRESSIVE;
				GCC_WARN_UNUSED_FUNCTION = YES;
				GCC_WARN_UNUSED_VARIABLE = YES;
				IPHONEOS_DEPLOYMENT_TARGET = 7.1;
				ONLY_ACTIVE_ARCH = YES;
				SDKROOT = iphoneos;
				TARGETED_DEVICE_FAMILY = "1,2";
			};
			name = Debug;
		};
		041C8F73198FD21200AE472D /* Release */ = {
			isa = XCBuildConfiguration;
			buildSettings = {
				ALWAYS_SEARCH_USER_PATHS = NO;
				CLANG_CXX_LANGUAGE_STANDARD = "gnu++0x";
				CLANG_CXX_LIBRARY = "libc++";
				CLANG_ENABLE_MODULES = YES;
				CLANG_ENABLE_OBJC_ARC = YES;
				CLANG_WARN_BOOL_CONVERSION = YES;
				CLANG_WARN_CONSTANT_CONVERSION = YES;
				CLANG_WARN_DIRECT_OBJC_ISA_USAGE = YES_ERROR;
				CLANG_WARN_EMPTY_BODY = YES;
				CLANG_WARN_ENUM_CONVERSION = YES;
				CLANG_WARN_INT_CONVERSION = YES;
				CLANG_WARN_OBJC_ROOT_CLASS = YES_ERROR;
				CLANG_WARN__DUPLICATE_METHOD_MATCH = YES;
				"CODE_SIGN_IDENTITY[sdk=iphoneos*]" = "iPhone Developer";
				COPY_PHASE_STRIP = YES;
				ENABLE_NS_ASSERTIONS = NO;
				GCC_C_LANGUAGE_STANDARD = gnu99;
				GCC_WARN_64_TO_32_BIT_CONVERSION = YES;
				GCC_WARN_ABOUT_RETURN_TYPE = YES_ERROR;
				GCC_WARN_UNDECLARED_SELECTOR = YES;
				GCC_WARN_UNINITIALIZED_AUTOS = YES_AGGRESSIVE;
				GCC_WARN_UNUSED_FUNCTION = YES;
				GCC_WARN_UNUSED_VARIABLE = YES;
				IPHONEOS_DEPLOYMENT_TARGET = 7.1;
				SDKROOT = iphoneos;
				TARGETED_DEVICE_FAMILY = "1,2";
				VALIDATE_PRODUCT = YES;
			};
			name = Release;
		};
		041C8F75198FD21200AE472D /* Debug */ = {
			isa = XCBuildConfiguration;
			buildSettings = {
				ASSETCATALOG_COMPILER_APPICON_NAME = AppIcon;
				ASSETCATALOG_COMPILER_LAUNCHIMAGE_NAME = LaunchImage;
				GCC_PRECOMPILE_PREFIX_HEADER = YES;
				GCC_PREFIX_HEADER = "HappyIOS/HappyIOS-Prefix.pch";
				INFOPLIST_FILE = "HappyIOS/HappyIOS-Info.plist";
				PRODUCT_NAME = "$(TARGET_NAME)";
				WRAPPER_EXTENSION = app;
			};
			name = Debug;
		};
		041C8F76198FD21200AE472D /* Release */ = {
			isa = XCBuildConfiguration;
			buildSettings = {
				ASSETCATALOG_COMPILER_APPICON_NAME = AppIcon;
				ASSETCATALOG_COMPILER_LAUNCHIMAGE_NAME = LaunchImage;
				GCC_PRECOMPILE_PREFIX_HEADER = YES;
				GCC_PREFIX_HEADER = "HappyIOS/HappyIOS-Prefix.pch";
				INFOPLIST_FILE = "HappyIOS/HappyIOS-Info.plist";
				PRODUCT_NAME = "$(TARGET_NAME)";
				WRAPPER_EXTENSION = app;
			};
			name = Release;
		};
		041C8F78198FD21200AE472D /* Debug */ = {
			isa = XCBuildConfiguration;
			buildSettings = {
				BUNDLE_LOADER = "$(BUILT_PRODUCTS_DIR)/HappyIOS.app/HappyIOS";
				FRAMEWORK_SEARCH_PATHS = (
					"$(SDKROOT)/Developer/Library/Frameworks",
					"$(inherited)",
					"$(DEVELOPER_FRAMEWORKS_DIR)",
				);
				GCC_PRECOMPILE_PREFIX_HEADER = YES;
				GCC_PREFIX_HEADER = "HappyIOS/HappyIOS-Prefix.pch";
				GCC_PREPROCESSOR_DEFINITIONS = (
					"DEBUG=1",
					"$(inherited)",
				);
				INFOPLIST_FILE = "HappyIOSTests/HappyIOSTests-Info.plist";
				PRODUCT_NAME = "$(TARGET_NAME)";
				TEST_HOST = "$(BUNDLE_LOADER)";
				WRAPPER_EXTENSION = xctest;
			};
			name = Debug;
		};
		041C8F79198FD21200AE472D /* Release */ = {
			isa = XCBuildConfiguration;
			buildSettings = {
				BUNDLE_LOADER = "$(BUILT_PRODUCTS_DIR)/HappyIOS.app/HappyIOS";
				FRAMEWORK_SEARCH_PATHS = (
					"$(SDKROOT)/Developer/Library/Frameworks",
					"$(inherited)",
					"$(DEVELOPER_FRAMEWORKS_DIR)",
				);
				GCC_PRECOMPILE_PREFIX_HEADER = YES;
				GCC_PREFIX_HEADER = "HappyIOS/HappyIOS-Prefix.pch";
				INFOPLIST_FILE = "HappyIOSTests/HappyIOSTests-Info.plist";
				PRODUCT_NAME = "$(TARGET_NAME)";
				TEST_HOST = "$(BUNDLE_LOADER)";
				WRAPPER_EXTENSION = xctest;
			};
			name = Release;
		};
/* End XCBuildConfiguration section */

/* Begin XCConfigurationList section */
		041C8F3A198FD21200AE472D /* Build configuration list for PBXProject "HappyIOS" */ = {
			isa = XCConfigurationList;
			buildConfigurations = (
				041C8F72198FD21200AE472D /* Debug */,
				041C8F73198FD21200AE472D /* Release */,
			);
			defaultConfigurationIsVisible = 0;
			defaultConfigurationName = Release;
		};
		041C8F74198FD21200AE472D /* Build configuration list for PBXNativeTarget "HappyIOS" */ = {
			isa = XCConfigurationList;
			buildConfigurations = (
				041C8F75198FD21200AE472D /* Debug */,
				041C8F76198FD21200AE472D /* Release */,
			);
			defaultConfigurationIsVisible = 0;
		};
		041C8F77198FD21200AE472D /* Build configuration list for PBXNativeTarget "HappyIOSTests" */ = {
			isa = XCConfigurationList;
			buildConfigurations = (
				041C8F78198FD21200AE472D /* Debug */,
				041C8F79198FD21200AE472D /* Release */,
			);
			defaultConfigurationIsVisible = 0;
		};
/* End XCConfigurationList section */
	};
	rootObject = 041C8F37198FD21200AE472D /* Project object */;
}
